{
  "name": "test_project",
  "version": "1.0.0",
  "lockfileVersion": 1,
  "requires": true,
  "dependencies": {
    "lodash.isplainobject": {
      "version": "4.0.6",
      "resolved": "https://registry.npmjs.org/lodash.isplainobject/-/lodash.isplainobject-4.0.6.tgz",
      "integrity": "sha1-fFJqUtibRcRcxpC4gWO+BJf1UMs="
    },
    "luna": {
      "version": "1.6.2",
      "resolved": "https://registry.npmjs.org/luna/-/luna-1.6.2.tgz",
      "integrity": "sha512-XzETTF5B+y2md4tfnnMPmUJ9dEeMPn/5GAOVUdhoYEk6FMAoX6wn4ide06xFLPmgWTfi4WtkhHfeXXrMKZtzvQ=="
    },
    "luna-saga": {
      "version": "4.3.2",
      "resolved": "https://registry.npmjs.org/luna-saga/-/luna-saga-4.3.2.tgz",
      "integrity": "sha512-1ivuxcR90fcrJTMSEHB3OXjklc/XesGWQE3IywYvAVrlOfEajwSeNXvP21r/+XBJRZUeVuvNz7aPZ5wvpfGkLg==",
      "requires": {
        "lodash.isplainobject": "4.0.6",
        "luna": "1.6.2",
        "rxjs": "5.5.6",
        "setimmediate": "1.0.5"
      }
    },
    "rxjs": {
      "version": "5.5.6",
      "resolved": "https://registry.npmjs.org/rxjs/-/rxjs-5.5.6.tgz",
      "integrity": "sha512-v4Q5HDC0FHAQ7zcBX7T2IL6O5ltl1a2GX4ENjPXg6SjDY69Cmx9v4113C99a4wGF16ClPv5Z8mghuYorVkg/kg==",
      "requires": {
        "symbol-observable": "1.0.1"
      }
    },
    "setimmediate": {
      "version": "1.0.5",
      "resolved": "https://registry.npmjs.org/setimmediate/-/setimmediate-1.0.5.tgz",
      "integrity": "sha1-KQy7Iy4waULX1+qbg3Mqt4VvgoU="
    },
    "symbol-observable": {
      "version": "1.0.1",
      "resolved": "https://registry.npmjs.org/symbol-observable/-/symbol-observable-1.0.1.tgz",
      "integrity": "sha1-g0D8RwLDEi310iKI+IKD9RPT/dQ="
    }
  }
}
